
Microsoft Visual Studio Solution File, Format Version 12.00
# Visual Studio Version 17
VisualStudioVersion = 17.12.35707.178
MinimumVisualStudioVersion = 10.0.40219.1
Project("{FAE04EC0-301F-11D3-BF4B-00C04F79EFBC}") = "Presentation", "Laboratorio01PrograIII\Presentation.csproj", "{952FE4FA-0995-4E21-91C9-6A9D3ED5DC5A}"
EndProject
Project("{FAE04EC0-301F-11D3-BF4B-00C04F79EFBC}") = "Data", "Data\Data.csproj", "{310DA351-5C57-484D-8302-CA4B469910F5}"
EndProject
Project("{FAE04EC0-301F-11D3-BF4B-00C04F79EFBC}") = "Logic", "Logic\Logic.csproj", "{6788D0AB-1229-447C-9D2B-B449EC8B3621}"
EndProject
Global
	GlobalSection(SolutionConfigurationPlatforms) = preSolution
		Debug|Any CPU = Debug|Any CPU
		Release|Any CPU = Release|Any CPU
	EndGlobalSection
	GlobalSection(ProjectConfigurationPlatforms) = postSolution
		{952FE4FA-0995-4E21-91C9-6A9D3ED5DC5A}.Debug|Any CPU.ActiveCfg = Debug|Any CPU
		{952FE4FA-0995-4E21-91C9-6A9D3ED5DC5A}.Debug|Any CPU.Build.0 = Debug|Any CPU
		{952FE4FA-0995-4E21-91C9-6A9D3ED5DC5A}.Release|Any CPU.ActiveCfg = Release|Any CPU
		{952FE4FA-0995-4E21-91C9-6A9D3ED5DC5A}.Release|Any CPU.Build.0 = Release|Any CPU
		{310DA351-5C57-484D-8302-CA4B469910F5}.Debug|Any CPU.ActiveCfg = Debug|Any CPU
		{310DA351-5C57-484D-8302-CA4B469910F5}.Debug|Any CPU.Build.0 = Debug|Any CPU
		{310DA351-5C57-484D-8302-CA4B469910F5}.Release|Any CPU.ActiveCfg = Release|Any CPU
		{310DA351-5C57-484D-8302-CA4B469910F5}.Release|Any CPU.Build.0 = Release|Any CPU
		{6788D0AB-1229-447C-9D2B-B449EC8B3621}.Debug|Any CPU.ActiveCfg = Debug|Any CPU
		{6788D0AB-1229-447C-9D2B-B449EC8B3621}.Debug|Any CPU.Build.0 = Debug|Any CPU
		{6788D0AB-1229-447C-9D2B-B449EC8B3621}.Release|Any CPU.ActiveCfg = Release|Any CPU
		{6788D0AB-1229-447C-9D2B-B449EC8B3621}.Release|Any CPU.Build.0 = Release|Any CPU
	EndGlobalSection
	GlobalSection(SolutionProperties) = preSolution
		HideSolutionNode = FALSE
	EndGlobalSection
EndGlobal
